
Microsoft Visual Studio Solution File, Format Version 12.00
# Visual Studio Version 17
VisualStudioVersion = 17.5.002.0
MinimumVisualStudioVersion = 10.0.40219.1
Project("{9A19103F-16F7-4668-BE54-9A1E7A4F7556}") = "XiaodiYan.FirstApiV8", "XiaodiYan.FirstApiV8.csproj", "{1CE09384-2A13-458F-B8D9-77E765D83FA3}"
EndProject
Global
	GlobalSection(SolutionConfigurationPlatforms) = preSolution
		Debug|Any CPU = Debug|Any CPU
		Release|Any CPU = Release|Any CPU
	EndGlobalSection
	GlobalSection(ProjectConfigurationPlatforms) = postSolution
		{1CE09384-2A13-458F-B8D9-77E765D83FA3}.Debug|Any CPU.ActiveCfg = Debug|Any CPU
		{1CE09384-2A13-458F-B8D9-77E765D83FA3}.Debug|Any CPU.Build.0 = Debug|Any CPU
		{1CE09384-2A13-458F-B8D9-77E765D83FA3}.Release|Any CPU.ActiveCfg = Release|Any CPU
		{1CE09384-2A13-458F-B8D9-77E765D83FA3}.Release|Any CPU.Build.0 = Release|Any CPU
	EndGlobalSection
	GlobalSection(SolutionProperties) = preSolution
		HideSolutionNode = FALSE
	EndGlobalSection
	GlobalSection(ExtensibilityGlobals) = postSolution
		SolutionGuid = {332651E9-C11A-403F-944C-617AE1338BFF}
	EndGlobalSection
EndGlobal
